{
  "name": "@demo/repo",
  "version": "1.0.0",
  "lockfileVersion": 2,
  "requires": true,
  "packages": {
    "": {
      "name": "@demo/repo",
      "version": "1.0.0",
      "workspaces": [
        "./common/*"
      ]
    },
    "common/ui": {
      "version": "1.0.0"
    },
    "node_modules/@demo/ui": {
      "resolved": "common/ui",
      "link": true
    }
  },
  "dependencies": {
    "@demo/ui": {
      "version": "file:common/ui"
    }
  }
}
